{
  "name": "miniprogram-5",
  "version": "1.0.0",
  "lockfileVersion": 1,
  "requires": true,
  "dependencies": {
    "@vant/weapp": {
      "version": "1.4.3",
      "resolved": "https://registry.npmjs.org/@vant/weapp/-/weapp-1.4.3.tgz",
      "integrity": "sha512-5w3Buwj2+eT7h9+M0jV1XymmSAPRfw2ACg2bzwwvA/OWGF73Mb5tbE9eHTmFxNybAKnuHO3e8BLjcoI1BFS31g=="
    },
    "lin-ui": {
      "version": "0.8.5",
      "resolved": "https://registry.npmjs.org/lin-ui/-/lin-ui-0.8.5.tgz",
      "integrity": "sha512-7bnRP+m1FmKG1cNQ+9JG2ws34aFpmSKaN2RrIA+ETlkUQOHDqPeTTVsre+JyMiSucISu94lUoJqzDrg9VzuuvA=="
    }
  }
}
